// !$*UTF8*$!
{
	archiveVersion = 1;
	classes = {
	};
	objectVersion = 46;
	objects = {

/* Begin PBXBuildFile section */
		FC326A3419BB98BE00A271E4 /* AppDelegate.swift in Sources */ = {isa = PBXBuildFile; fileRef = FC326A3319BB98BE00A271E4 /* AppDelegate.swift */; };
		FC326A3619BB98BE00A271E4 /* ViewController.swift in Sources */ = {isa = PBXBuildFile; fileRef = FC326A3519BB98BE00A271E4 /* ViewController.swift */; };
		FC326A3919BB98BE00A271E4 /* Main.storyboard in Resources */ = {isa = PBXBuildFile; fileRef = FC326A3719BB98BE00A271E4 /* Main.storyboard */; };
		FC326A3B19BB98BE00A271E4 /* Images.xcassets in Resources */ = {isa = PBXBuildFile; fileRef = FC326A3A19BB98BE00A271E4 /* Images.xcassets */; };
		FC326A4719BB98BE00A271E4 /* FB_AppTests.swift in Sources */ = {isa = PBXBuildFile; fileRef = FC326A4619BB98BE00A271E4 /* FB_AppTests.swift */; };
		FC326A5119BC2A0F00A271E4 /* NewsFeedViewController.swift in Sources */ = {isa = PBXBuildFile; fileRef = FC326A5019BC2A0F00A271E4 /* NewsFeedViewController.swift */; };
		FC326A5419BC2B2100A271E4 /* RequestsViewController.swift in Sources */ = {isa = PBXBuildFile; fileRef = FC326A5319BC2B2100A271E4 /* RequestsViewController.swift */; };
		FC326A5619BC2B3100A271E4 /* MessagesViewController.swift in Sources */ = {isa = PBXBuildFile; fileRef = FC326A5519BC2B3100A271E4 /* MessagesViewController.swift */; };
		FC326A5819BC2B4700A271E4 /* NotificationsViewController.swift in Sources */ = {isa = PBXBuildFile; fileRef = FC326A5719BC2B4700A271E4 /* NotificationsViewController.swift */; };
		FC326A5A19BC2B6300A271E4 /* MoreViewController.swift in Sources */ = {isa = PBXBuildFile; fileRef = FC326A5919BC2B6300A271E4 /* MoreViewController.swift */; };
		FC326A5C19BCEA7B00A271E4 /* StoryDetailViewController.swift in Sources */ = {isa = PBXBuildFile; fileRef = FC326A5B19BCEA7B00A271E4 /* StoryDetailViewController.swift */; };
		FC326A6019BE663E00A271E4 /* CreateStatusViewController.swift in Sources */ = {isa = PBXBuildFile; fileRef = FC326A5F19BE663E00A271E4 /* CreateStatusViewController.swift */; };
		FC326A6219BE67D900A271E4 /* UploadPhotoViewController.swift in Sources */ = {isa = PBXBuildFile; fileRef = FC326A6119BE67D900A271E4 /* UploadPhotoViewController.swift */; };
		FC326A6419BE68D500A271E4 /* CheckinViewController.swift in Sources */ = {isa = PBXBuildFile; fileRef = FC326A6319BE68D500A271E4 /* CheckinViewController.swift */; };
/* End PBXBuildFile section */

/* Begin PBXContainerItemProxy section */
		FC326A4119BB98BE00A271E4 /* PBXContainerItemProxy */ = {
			isa = PBXContainerItemProxy;
			containerPortal = FC326A2619BB98BE00A271E4 /* Project object */;
			proxyType = 1;
			remoteGlobalIDString = FC326A2D19BB98BE00A271E4;
			remoteInfo = "FB-App";
		};
/* End PBXContainerItemProxy section */

/* Begin PBXFileReference section */
		FC326A2E19BB98BE00A271E4 /* FB-App.app */ = {isa = PBXFileReference; explicitFileType = wrapper.application; includeInIndex = 0; path = "FB-App.app"; sourceTree = BUILT_PRODUCTS_DIR; };
		FC326A3219BB98BE00A271E4 /* Info.plist */ = {isa = PBXFileReference; lastKnownFileType = text.plist.xml; path = Info.plist; sourceTree = "<group>"; };
		FC326A3319BB98BE00A271E4 /* AppDelegate.swift */ = {isa = PBXFileReference; lastKnownFileType = sourcecode.swift; path = AppDelegate.swift; sourceTree = "<group>"; };
		FC326A3519BB98BE00A271E4 /* ViewController.swift */ = {isa = PBXFileReference; lastKnownFileType = sourcecode.swift; path = ViewController.swift; sourceTree = "<group>"; };
		FC326A3819BB98BE00A271E4 /* Base */ = {isa = PBXFileReference; lastKnownFileType = file.storyboard; name = Base; path = Base.lproj/Main.storyboard; sourceTree = "<group>"; };
		FC326A3A19BB98BE00A271E4 /* Images.xcassets */ = {isa = PBXFileReference; lastKnownFileType = folder.assetcatalog; path = Images.xcassets; sourceTree = "<group>"; };
		FC326A4019BB98BE00A271E4 /* FB-AppTests.xctest */ = {isa = PBXFileReference; explicitFileType = wrapper.cfbundle; includeInIndex = 0; path = "FB-AppTests.xctest"; sourceTree = BUILT_PRODUCTS_DIR; };
		FC326A4519BB98BE00A271E4 /* Info.plist */ = {isa = PBXFileReference; lastKnownFileType = text.plist.xml; path = Info.plist; sourceTree = "<group>"; };
		FC326A4619BB98BE00A271E4 /* FB_AppTests.swift */ = {isa = PBXFileReference; lastKnownFileType = sourcecode.swift; path = FB_AppTests.swift; sourceTree = "<group>"; };
		FC326A5019BC2A0F00A271E4 /* NewsFeedViewController.swift */ = {isa = PBXFileReference; fileEncoding = 4; lastKnownFileType = sourcecode.swift; path = NewsFeedViewController.swift; sourceTree = "<group>"; };
		FC326A5319BC2B2100A271E4 /* RequestsViewController.swift */ = {isa = PBXFileReference; fileEncoding = 4; lastKnownFileType = sourcecode.swift; path = RequestsViewController.swift; sourceTree = "<group>"; };
		FC326A5519BC2B3100A271E4 /* MessagesViewController.swift */ = {isa = PBXFileReference; fileEncoding = 4; lastKnownFileType = sourcecode.swift; path = MessagesViewController.swift; sourceTree = "<group>"; };
		FC326A5719BC2B4700A271E4 /* NotificationsViewController.swift */ = {isa = PBXFileReference; fileEncoding = 4; lastKnownFileType = sourcecode.swift; path = NotificationsViewController.swift; sourceTree = "<group>"; };
		FC326A5919BC2B6300A271E4 /* MoreViewController.swift */ = {isa = PBXFileReference; fileEncoding = 4; lastKnownFileType = sourcecode.swift; path = MoreViewController.swift; sourceTree = "<group>"; };
		FC326A5B19BCEA7B00A271E4 /* StoryDetailViewController.swift */ = {isa = PBXFileReference; fileEncoding = 4; lastKnownFileType = sourcecode.swift; path = StoryDetailViewController.swift; sourceTree = "<group>"; };
		FC326A5F19BE663E00A271E4 /* CreateStatusViewController.swift */ = {isa = PBXFileReference; fileEncoding = 4; lastKnownFileType = sourcecode.swift; path = CreateStatusViewController.swift; sourceTree = "<group>"; };
		FC326A6119BE67D900A271E4 /* UploadPhotoViewController.swift */ = {isa = PBXFileReference; fileEncoding = 4; lastKnownFileType = sourcecode.swift; path = UploadPhotoViewController.swift; sourceTree = "<group>"; };
		FC326A6319BE68D500A271E4 /* CheckinViewController.swift */ = {isa = PBXFileReference; fileEncoding = 4; lastKnownFileType = sourcecode.swift; path = CheckinViewController.swift; sourceTree = "<group>"; };
/* End PBXFileReference section */

/* Begin PBXFrameworksBuildPhase section */
		FC326A2B19BB98BE00A271E4 /* Frameworks */ = {
			isa = PBXFrameworksBuildPhase;
			buildActionMask = 2147483647;
			files = (
			);
			runOnlyForDeploymentPostprocessing = 0;
		};
		FC326A3D19BB98BE00A271E4 /* Frameworks */ = {
			isa = PBXFrameworksBuildPhase;
			buildActionMask = 2147483647;
			files = (
			);
			runOnlyForDeploymentPostprocessing = 0;
		};
/* End PBXFrameworksBuildPhase section */

/* Begin PBXGroup section */
		FC326A2519BB98BE00A271E4 = {
			isa = PBXGroup;
			children = (
				FC326A3019BB98BE00A271E4 /* FB-App */,
				FC326A4319BB98BE00A271E4 /* FB-AppTests */,
				FC326A2F19BB98BE00A271E4 /* Products */,
			);
			sourceTree = "<group>";
		};
		FC326A2F19BB98BE00A271E4 /* Products */ = {
			isa = PBXGroup;
			children = (
				FC326A2E19BB98BE00A271E4 /* FB-App.app */,
				FC326A4019BB98BE00A271E4 /* FB-AppTests.xctest */,
			);
			name = Products;
			sourceTree = "<group>";
		};
		FC326A3019BB98BE00A271E4 /* FB-App */ = {
			isa = PBXGroup;
			children = (
				FC326A5219BC2A1600A271E4 /* View Controllers */,
				FC326A3319BB98BE00A271E4 /* AppDelegate.swift */,
				FC326A3519BB98BE00A271E4 /* ViewController.swift */,
				FC326A3719BB98BE00A271E4 /* Main.storyboard */,
				FC326A3A19BB98BE00A271E4 /* Images.xcassets */,
				FC326A3119BB98BE00A271E4 /* Supporting Files */,
			);
			path = "FB-App";
			sourceTree = "<group>";
		};
		FC326A3119BB98BE00A271E4 /* Supporting Files */ = {
			isa = PBXGroup;
			children = (
				FC326A3219BB98BE00A271E4 /* Info.plist */,
			);
			name = "Supporting Files";
			sourceTree = "<group>";
		};
		FC326A4319BB98BE00A271E4 /* FB-AppTests */ = {
			isa = PBXGroup;
			children = (
				FC326A4619BB98BE00A271E4 /* FB_AppTests.swift */,
				FC326A4419BB98BE00A271E4 /* Supporting Files */,
			);
			path = "FB-AppTests";
			sourceTree = "<group>";
		};
		FC326A4419BB98BE00A271E4 /* Supporting Files */ = {
			isa = PBXGroup;
			children = (
				FC326A4519BB98BE00A271E4 /* Info.plist */,
			);
			name = "Supporting Files";
			sourceTree = "<group>";
		};
		FC326A5219BC2A1600A271E4 /* View Controllers */ = {
			isa = PBXGroup;
			children = (
				FC326A6319BE68D500A271E4 /* CheckinViewController.swift */,
				FC326A5B19BCEA7B00A271E4 /* StoryDetailViewController.swift */,
				FC326A5919BC2B6300A271E4 /* MoreViewController.swift */,
				FC326A5719BC2B4700A271E4 /* NotificationsViewController.swift */,
				FC326A5519BC2B3100A271E4 /* MessagesViewController.swift */,
				FC326A5319BC2B2100A271E4 /* RequestsViewController.swift */,
				FC326A5019BC2A0F00A271E4 /* NewsFeedViewController.swift */,
				FC326A5F19BE663E00A271E4 /* CreateStatusViewController.swift */,
				FC326A6119BE67D900A271E4 /* UploadPhotoViewController.swift */,
			);
			name = "View Controllers";
			sourceTree = "<group>";
		};
/* End PBXGroup section */

/* Begin PBXNativeTarget section */
		FC326A2D19BB98BE00A271E4 /* FB-App */ = {
			isa = PBXNativeTarget;
			buildConfigurationList = FC326A4A19BB98BE00A271E4 /* Build configuration list for PBXNativeTarget "FB-App" */;
			buildPhases = (
				FC326A2A19BB98BE00A271E4 /* Sources */,
				FC326A2B19BB98BE00A271E4 /* Frameworks */,
				FC326A2C19BB98BE00A271E4 /* Resources */,
			);
			buildRules = (
			);
			dependencies = (
			);
			name = "FB-App";
			productName = "FB-App";
			productReference = FC326A2E19BB98BE00A271E4 /* FB-App.app */;
			productType = "com.apple.product-type.application";
		};
		FC326A3F19BB98BE00A271E4 /* FB-AppTests */ = {
			isa = PBXNativeTarget;
			buildConfigurationList = FC326A4D19BB98BE00A271E4 /* Build configuration list for PBXNativeTarget "FB-AppTests" */;
			buildPhases = (
				FC326A3C19BB98BE00A271E4 /* Sources */,
				FC326A3D19BB98BE00A271E4 /* Frameworks */,
				FC326A3E19BB98BE00A271E4 /* Resources */,
			);
			buildRules = (
			);
			dependencies = (
				FC326A4219BB98BE00A271E4 /* PBXTargetDependency */,
			);
			name = "FB-AppTests";
			productName = "FB-AppTests";
			productReference = FC326A4019BB98BE00A271E4 /* FB-AppTests.xctest */;
			productType = "com.apple.product-type.bundle.unit-test";
		};
/* End PBXNativeTarget section */

/* Begin PBXProject section */
		FC326A2619BB98BE00A271E4 /* Project object */ = {
			isa = PBXProject;
			attributes = {
				LastUpgradeCheck = 0600;
				ORGANIZATIONNAME = "Gautham Krishna";
				TargetAttributes = {
					FC326A2D19BB98BE00A271E4 = {
						CreatedOnToolsVersion = 6.0;
					};
					FC326A3F19BB98BE00A271E4 = {
						CreatedOnToolsVersion = 6.0;
						TestTargetID = FC326A2D19BB98BE00A271E4;
					};
				};
			};
			buildConfigurationList = FC326A2919BB98BE00A271E4 /* Build configuration list for PBXProject "FB-App" */;
			compatibilityVersion = "Xcode 3.2";
			developmentRegion = English;
			hasScannedForEncodings = 0;
			knownRegions = (
				en,
				Base,
			);
			mainGroup = FC326A2519BB98BE00A271E4;
			productRefGroup = FC326A2F19BB98BE00A271E4 /* Products */;
			projectDirPath = "";
			projectRoot = "";
			targets = (
				FC326A2D19BB98BE00A271E4 /* FB-App */,
				FC326A3F19BB98BE00A271E4 /* FB-AppTests */,
			);
		};
/* End PBXProject section */

/* Begin PBXResourcesBuildPhase section */
		FC326A2C19BB98BE00A271E4 /* Resources */ = {
			isa = PBXResourcesBuildPhase;
			buildActionMask = 2147483647;
			files = (
				FC326A3919BB98BE00A271E4 /* Main.storyboard in Resources */,
				FC326A3B19BB98BE00A271E4 /* Images.xcassets in Resources */,
			);
			runOnlyForDeploymentPostprocessing = 0;
		};
		FC326A3E19BB98BE00A271E4 /* Resources */ = {
			isa = PBXResourcesBuildPhase;
			buildActionMask = 2147483647;
			files = (
			);
			runOnlyForDeploymentPostprocessing = 0;
		};
/* End PBXResourcesBuildPhase section */

/* Begin PBXSourcesBuildPhase section */
		FC326A2A19BB98BE00A271E4 /* Sources */ = {
			isa = PBXSourcesBuildPhase;
			buildActionMask = 2147483647;
			files = (
				FC326A5A19BC2B6300A271E4 /* MoreViewController.swift in Sources */,
				FC326A5619BC2B3100A271E4 /* MessagesViewController.swift in Sources */,
				FC326A3619BB98BE00A271E4 /* ViewController.swift in Sources */,
				FC326A3419BB98BE00A271E4 /* AppDelegate.swift in Sources */,
				FC326A6219BE67D900A271E4 /* UploadPhotoViewController.swift in Sources */,
				FC326A5819BC2B4700A271E4 /* NotificationsViewController.swift in Sources */,
				FC326A6019BE663E00A271E4 /* CreateStatusViewController.swift in Sources */,
				FC326A5C19BCEA7B00A271E4 /* StoryDetailViewController.swift in Sources */,
				FC326A6419BE68D500A271E4 /* CheckinViewController.swift in Sources */,
				FC326A5419BC2B2100A271E4 /* RequestsViewController.swift in Sources */,
				FC326A5119BC2A0F00A271E4 /* NewsFeedViewController.swift in Sources */,
			);
			runOnlyForDeploymentPostprocessing = 0;
		};
		FC326A3C19BB98BE00A271E4 /* Sources */ = {
			isa = PBXSourcesBuildPhase;
			buildActionMask = 2147483647;
			files = (
				FC326A4719BB98BE00A271E4 /* FB_AppTests.swift in Sources */,
			);
			runOnlyForDeploymentPostprocessing = 0;
		};
/* End PBXSourcesBuildPhase section */

/* Begin PBXTargetDependency section */
		FC326A4219BB98BE00A271E4 /* PBXTargetDependency */ = {
			isa = PBXTargetDependency;
			target = FC326A2D19BB98BE00A271E4 /* FB-App */;
			targetProxy = FC326A4119BB98BE00A271E4 /* PBXContainerItemProxy */;
		};
/* End PBXTargetDependency section */

/* Begin PBXVariantGroup section */
		FC326A3719BB98BE00A271E4 /* Main.storyboard */ = {
			isa = PBXVariantGroup;
			children = (
				FC326A3819BB98BE00A271E4 /* Base */,
			);
			name = Main.storyboard;
			sourceTree = "<group>";
		};
/* End PBXVariantGroup section */

/* Begin XCBuildConfiguration section */
		FC326A4819BB98BE00A271E4 /* Debug */ = {
			isa = XCBuildConfiguration;
			buildSettings = {
				ALWAYS_SEARCH_USER_PATHS = NO;
				CLANG_CXX_LANGUAGE_STANDARD = "gnu++0x";
				CLANG_CXX_LIBRARY = "libc++";
				CLANG_ENABLE_MODULES = YES;
				CLANG_ENABLE_OBJC_ARC = YES;
				CLANG_WARN_BOOL_CONVERSION = YES;
				CLANG_WARN_CONSTANT_CONVERSION = YES;
				CLANG_WARN_DIRECT_OBJC_ISA_USAGE = YES_ERROR;
				CLANG_WARN_EMPTY_BODY = YES;
				CLANG_WARN_ENUM_CONVERSION = YES;
				CLANG_WARN_INT_CONVERSION = YES;
				CLANG_WARN_OBJC_ROOT_CLASS = YES_ERROR;
				CLANG_WARN_UNREACHABLE_CODE = YES;
				CLANG_WARN__DUPLICATE_METHOD_MATCH = YES;
				"CODE_SIGN_IDENTITY[sdk=iphoneos*]" = "iPhone Developer";
				COPY_PHASE_STRIP = NO;
				ENABLE_STRICT_OBJC_MSGSEND = YES;
				GCC_C_LANGUAGE_STANDARD = gnu99;
				GCC_DYNAMIC_NO_PIC = NO;
				GCC_OPTIMIZATION_LEVEL = 0;
				GCC_PREPROCESSOR_DEFINITIONS = (
					"DEBUG=1",
					"$(inherited)",
				);
				GCC_SYMBOLS_PRIVATE_EXTERN = NO;
				GCC_WARN_64_TO_32_BIT_CONVERSION = YES;
				GCC_WARN_ABOUT_RETURN_TYPE = YES_ERROR;
				GCC_WARN_UNDECLARED_SELECTOR = YES;
				GCC_WARN_UNINITIALIZED_AUTOS = YES_AGGRESSIVE;
				GCC_WARN_UNUSED_FUNCTION = YES;
				GCC_WARN_UNUSED_VARIABLE = YES;
				IPHONEOS_DEPLOYMENT_TARGET = 8.0;
				MTL_ENABLE_DEBUG_INFO = YES;
				ONLY_ACTIVE_ARCH = YES;
				SDKROOT = iphoneos;
				SWIFT_OPTIMIZATION_LEVEL = "-Onone";
			};
			name = Debug;
		};
		FC326A4919BB98BE00A271E4 /* Release */ = {
			isa = XCBuildConfiguration;
			buildSettings = {
				ALWAYS_SEARCH_USER_PATHS = NO;
				CLANG_CXX_LANGUAGE_STANDARD = "gnu++0x";
				CLANG_CXX_LIBRARY = "libc++";
				CLANG_ENABLE_MODULES = YES;
				CLANG_ENABLE_OBJC_ARC = YES;
				CLANG_WARN_BOOL_CONVERSION = YES;
				CLANG_WARN_CONSTANT_CONVERSION = YES;
				CLANG_WARN_DIRECT_OBJC_ISA_USAGE = YES_ERROR;
				CLANG_WARN_EMPTY_BODY = YES;
				CLANG_WARN_ENUM_CONVERSION = YES;
				CLANG_WARN_INT_CONVERSION = YES;
				CLANG_WARN_OBJC_ROOT_CLASS = YES_ERROR;
				CLANG_WARN_UNREACHABLE_CODE = YES;
				CLANG_WARN__DUPLICATE_METHOD_MATCH = YES;
				"CODE_SIGN_IDENTITY[sdk=iphoneos*]" = "iPhone Developer";
				COPY_PHASE_STRIP = YES;
				ENABLE_NS_ASSERTIONS = NO;
				ENABLE_STRICT_OBJC_MSGSEND = YES;
				GCC_C_LANGUAGE_STANDARD = gnu99;
				GCC_WARN_64_TO_32_BIT_CONVERSION = YES;
				GCC_WARN_ABOUT_RETURN_TYPE = YES_ERROR;
				GCC_WARN_UNDECLARED_SELECTOR = YES;
				GCC_WARN_UNINITIALIZED_AUTOS = YES_AGGRESSIVE;
				GCC_WARN_UNUSED_FUNCTION = YES;
				GCC_WARN_UNUSED_VARIABLE = YES;
				IPHONEOS_DEPLOYMENT_TARGET = 8.0;
				MTL_ENABLE_DEBUG_INFO = NO;
				SDKROOT = iphoneos;
				VALIDATE_PRODUCT = YES;
			};
			name = Release;
		};
		FC326A4B19BB98BE00A271E4 /* Debug */ = {
			isa = XCBuildConfiguration;
			buildSettings = {
				ASSETCATALOG_COMPILER_APPICON_NAME = AppIcon;
				ASSETCATALOG_COMPILER_LAUNCHIMAGE_NAME = LaunchImage;
				INFOPLIST_FILE = "FB-App/Info.plist";
				LD_RUNPATH_SEARCH_PATHS = "$(inherited) @executable_path/Frameworks";
				PRODUCT_NAME = "$(TARGET_NAME)";
			};
			name = Debug;
		};
		FC326A4C19BB98BE00A271E4 /* Release */ = {
			isa = XCBuildConfiguration;
			buildSettings = {
				ASSETCATALOG_COMPILER_APPICON_NAME = AppIcon;
				ASSETCATALOG_COMPILER_LAUNCHIMAGE_NAME = LaunchImage;
				INFOPLIST_FILE = "FB-App/Info.plist";
				LD_RUNPATH_SEARCH_PATHS = "$(inherited) @executable_path/Frameworks";
				PRODUCT_NAME = "$(TARGET_NAME)";
			};
			name = Release;
		};
		FC326A4E19BB98BE00A271E4 /* Debug */ = {
			isa = XCBuildConfiguration;
			buildSettings = {
				BUNDLE_LOADER = "$(TEST_HOST)";
				FRAMEWORK_SEARCH_PATHS = (
					"$(SDKROOT)/Developer/Library/Frameworks",
					"$(inherited)",
				);
				GCC_PREPROCESSOR_DEFINITIONS = (
					"DEBUG=1",
					"$(inherited)",
				);
				INFOPLIST_FILE = "FB-AppTests/Info.plist";
				LD_RUNPATH_SEARCH_PATHS = "$(inherited) @executable_path/Frameworks @loader_path/Frameworks";
				PRODUCT_NAME = "$(TARGET_NAME)";
				TEST_HOST = "$(BUILT_PRODUCTS_DIR)/FB-App.app/FB-App";
			};
			name = Debug;
		};
		FC326A4F19BB98BE00A271E4 /* Release */ = {
			isa = XCBuildConfiguration;
			buildSettings = {
				BUNDLE_LOADER = "$(TEST_HOST)";
				FRAMEWORK_SEARCH_PATHS = (
					"$(SDKROOT)/Developer/Library/Frameworks",
					"$(inherited)",
				);
				INFOPLIST_FILE = "FB-AppTests/Info.plist";
				LD_RUNPATH_SEARCH_PATHS = "$(inherited) @executable_path/Frameworks @loader_path/Frameworks";
				PRODUCT_NAME = "$(TARGET_NAME)";
				TEST_HOST = "$(BUILT_PRODUCTS_DIR)/FB-App.app/FB-App";
			};
			name = Release;
		};
/* End XCBuildConfiguration section */

/* Begin XCConfigurationList section */
		FC326A2919BB98BE00A271E4 /* Build configuration list for PBXProject "FB-App" */ = {
			isa = XCConfigurationList;
			buildConfigurations = (
				FC326A4819BB98BE00A271E4 /* Debug */,
				FC326A4919BB98BE00A271E4 /* Release */,
			);
			defaultConfigurationIsVisible = 0;
			defaultConfigurationName = Release;
		};
		FC326A4A19BB98BE00A271E4 /* Build configuration list for PBXNativeTarget "FB-App" */ = {
			isa = XCConfigurationList;
			buildConfigurations = (
				FC326A4B19BB98BE00A271E4 /* Debug */,
				FC326A4C19BB98BE00A271E4 /* Release */,
			);
			defaultConfigurationIsVisible = 0;
			defaultConfigurationName = Release;
		};
		FC326A4D19BB98BE00A271E4 /* Build configuration list for PBXNativeTarget "FB-AppTests" */ = {
			isa = XCConfigurationList;
			buildConfigurations = (
				FC326A4E19BB98BE00A271E4 /* Debug */,
				FC326A4F19BB98BE00A271E4 /* Release */,
			);
			defaultConfigurationIsVisible = 0;
			defaultConfigurationName = Release;
		};
/* End XCConfigurationList section */
	};
	rootObject = FC326A2619BB98BE00A271E4 /* Project object */;
}
